<?xml version="1.0" encoding="utf-8"?>
<Project ToolsVersion="15.0" xmlns="http://schemas.microsoft.com/developer/msbuild/2003">
  <ItemGroup>
    <Filter Include="Resource Files">
      <UniqueIdentifier>{67DA6AB6-F800-4c08-8B7A-83BB121AAD01}</UniqueIdentifier>
      <Extensions>rc;ico;cur;bmp;dlg;rc2;rct;bin;rgs;gif;jpg;jpeg;jpe;resx;tga;tiff;tif;png;wav;mfcribbon-ms</Extensions>
    </Filter>
    <Filter Include="include">
      <UniqueIdentifier>{004f692f-21b1-46b9-9cb6-accd2a1f7a5b}</UniqueIdentifier>
    </Filter>
    <Filter Include="src">
      <UniqueIdentifier>{b6231a1c-93a2-451b-a263-a8617a2663df}</UniqueIdentifier>
    </Filter>
    <Filter Include="include\json11">
      <UniqueIdentifier>{ae1566a6-4e1c-4a4e-a965-86f6914b7490}</UniqueIdentifier>
    </Filter>
    <Filter Include="src\json11">
      <UniqueIdentifier>{3d9ef558-4ce8-40eb-8fa8-7c59356af71c}</UniqueIdentifier>
    </Filter>
    <Filter Include="include\managers">
      <UniqueIdentifier>{4fe386ce-046c-4b10-9a6f-673916e4dfc0}</UniqueIdentifier>
    </Filter>
    <Filter Include="include\proxy">
      <UniqueIdentifier>{49befc82-f23f-4298-8f73-33f5d0e9cc5d}</UniqueIdentifier>
    </Filter>
    <Filter Include="include\utils">
      <UniqueIdentifier>{541c8e2c-a471-49e8-8612-178932e35c3d}</UniqueIdentifier>
    </Filter>
    <Filter Include="src\managers">
      <UniqueIdentifier>{f8c86329-6eed-4c04-b5b2-4857e6150ca9}</UniqueIdentifier>
    </Filter>
    <Filter Include="src\proxy">
      <UniqueIdentifier>{f093e9fc-fdf4-4017-9aae-67d34355cc46}</UniqueIdentifier>
    </Filter>
  </ItemGroup>
  <ItemGroup>
    <ClCompile Include="pch.cpp" />
    <ClCompile Include="src\CGameObject.cpp">
      <Filter>src</Filter>
    </ClCompile>
    <ClCompile Include="src\CApp.cpp">
      <Filter>src</Filter>
    </ClCompile>
    <ClCompile Include="src\CRenderable.cpp">
      <Filter>src</Filter>
    </ClCompile>
    <ClCompile Include="src\json11\json11.cpp">
      <Filter>src\json11</Filter>
    </ClCompile>
    <ClCompile Include="src\CCamera.cpp">
      <Filter>src</Filter>
    </ClCompile>
    <ClCompile Include="src\CScript.cpp">
      <Filter>src</Filter>
    </ClCompile>
    <ClCompile Include="src\CSound.cpp">
      <Filter>src</Filter>
    </ClCompile>
    <ClCompile Include="src\proxy\CSoundProxy.cpp">
      <Filter>src\proxy</Filter>
    </ClCompile>
    <ClCompile Include="src\proxy\CTextureProxy.cpp">
      <Filter>src\proxy</Filter>
    </ClCompile>
    <ClCompile Include="src\managers\CScriptManager.cpp">
      <Filter>src\managers</Filter>
    </ClCompile>
    <ClCompile Include="src\managers\CSoundManager.cpp">
      <Filter>src\managers</Filter>
    </ClCompile>
    <ClCompile Include="src\managers\CTextureManager.cpp">
      <Filter>src\managers</Filter>
    </ClCompile>
    <ClCompile Include="src\managers\CGameObjectManager.cpp">
      <Filter>src\managers</Filter>
    </ClCompile>
    <ClCompile Include="src\CComponent.cpp">
      <Filter>src</Filter>
    </ClCompile>
  </ItemGroup>
  <ItemGroup>
    <ClInclude Include="pch.h" />
    <ClInclude Include="targetver.h" />
    <ClInclude Include="include\CGameObject.h">
      <Filter>include</Filter>
    </ClInclude>
    <ClInclude Include="include\CApp.h">
      <Filter>include</Filter>
    </ClInclude>
    <ClInclude Include="include\CRenderable.h">
      <Filter>include</Filter>
    </ClInclude>
    <ClInclude Include="include\json11\json11.hpp">
      <Filter>include\json11</Filter>
    </ClInclude>
    <ClInclude Include="include\CCamera.h">
      <Filter>include</Filter>
    </ClInclude>
    <ClInclude Include="include\CScript.h">
      <Filter>include</Filter>
    </ClInclude>
    <ClInclude Include="include\CSound.h">
      <Filter>include</Filter>
    </ClInclude>
    <ClInclude Include="include\CComponent.h">
      <Filter>include</Filter>
    </ClInclude>
    <ClInclude Include="include\managers\CScriptManager.h">
      <Filter>include\managers</Filter>
    </ClInclude>
    <ClInclude Include="include\managers\CSoundManager.h">
      <Filter>include\managers</Filter>
    </ClInclude>
    <ClInclude Include="include\managers\CTextureManager.h">
      <Filter>include\managers</Filter>
    </ClInclude>
    <ClInclude Include="include\managers\CGameObjectManager.h">
      <Filter>include\managers</Filter>
    </ClInclude>
    <ClInclude Include="include\proxy\CTextureProxy.h">
      <Filter>include\proxy</Filter>
    </ClInclude>
    <ClInclude Include="include\proxy\CSoundProxy.h">
      <Filter>include\proxy</Filter>
    </ClInclude>
    <ClInclude Include="include\utils\Vec2.h">
      <Filter>include\utils</Filter>
    </ClInclude>
  </ItemGroup>
</Project>